Microsoft Visual Studio Solution File, Format Version 12.00
# Visual Studio Version 16
VisualStudioVersion = 16.0.29613.14
MinimumVisualStudioVersion = 10.0.40219.1
Project("{9A19103F-16F7-4668-BE54-9A1E7A4F7556}") = "DayPrinter", "DayPrinter\DayPrinter.csproj", "{B3E76AAA-3BE8-49C7-A831-64EF68C6F28D}"
EndProject
Project("{9A19103F-16F7-4668-BE54-9A1E7A4F7556}") = "ElseIf", "ElseIf\ElseIf.csproj", "{C7008ACC-EE4B-49CC-B7FB-5F9F95E257A9}"
EndProject
Project("{9A19103F-16F7-4668-BE54-9A1E7A4F7556}") = "TempConv", "TempConv\TempConv.csproj", "{6D18F93D-E26F-4FF4-ABF2-1450FD9FB19D}"
EndProject
Project("{9A19103F-16F7-4668-BE54-9A1E7A4F7556}") = "HelloMethods", "HelloMethods\HelloMethods.csproj", "{9B69E0D2-FBD5-4FB4-9D40-768AE4F57300}"
EndProject
Project("{9A19103F-16F7-4668-BE54-9A1E7A4F7556}") = "Gradebook", "Gradebook\Gradebook.csproj", "{9E08496B-2501-4CBF-844F-8FD7BA97F4E6}"
EndProject
Project("{9A19103F-16F7-4668-BE54-9A1E7A4F7556}") = "GradebookDict", "GradebookDict\GradebookDict.csproj", "{EFCB1B91-2E92-478F-BFF7-013FF6911DCC}"
EndProject
Project("{9A19103F-16F7-4668-BE54-9A1E7A4F7556}") = "GradebookArray", "GradebookArray\GradebookArray.csproj", "{89051A0E-8D18-48C3-B4E6-D05F62D252CE}"
EndProject
Project("{9A19103F-16F7-4668-BE54-9A1E7A4F7556}") = "HelloWorld", "HelloWorld\HelloWorld.csproj", "{63363FEA-D0FA-4741-B8EB-9A2C866E911B}"
EndProject
Project("{9A19103F-16F7-4668-BE54-9A1E7A4F7556}") = "InputOutput", "InputOutput\InputOutput.csproj", "{62280805-46E5-4ED8-925E-680881A69C88}"
EndProject
Project("{9A19103F-16F7-4668-BE54-9A1E7A4F7556}") = "NumericTypes", "NumericTypes\NumericTypes.csproj", "{6F464A89-C8FF-4217-9479-7FFB3FF33738}"
EndProject
Project("{9A19103F-16F7-4668-BE54-9A1E7A4F7556}") = "GasMileage", "GasMileage\GasMileage.csproj", "{81D64070-6561-4F41-B417-6E453F8581B3}"
EndProject
Project("{9A19103F-16F7-4668-BE54-9A1E7A4F7556}") = "Alice", "Alice\Alice.csproj", "{DF8E083E-66D1-448C-B197-3923F61886BA}"
EndProject
Project("{9A19103F-16F7-4668-BE54-9A1E7A4F7556}") = "AreaCircle", "AreaCircle\AreaCircle.csproj", "{C81C77E9-9F1D-4046-A5F8-6F750300B8F3}"
EndProject
Project("{9A19103F-16F7-4668-BE54-9A1E7A4F7556}") = "SumEven", "SumEven\SumEven.csproj", "{4A611F04-7FEB-4BD1-93E3-2962F0971765}"
EndProject
Project("{9A19103F-16F7-4668-BE54-9A1E7A4F7556}") = "FiveLetters", "FiveLetters\FiveLetters.csproj", "{A9E9A15C-AB5A-40D2-BB5B-01FA29ABE6DA}"
EndProject
Project("{9A19103F-16F7-4668-BE54-9A1E7A4F7556}") = "OutputArray", "OutputArray\OutputArray.csproj", "{68B37941-30FF-4EF3-8075-682279936ACC}"
EndProject
Project("{9A19103F-16F7-4668-BE54-9A1E7A4F7556}") = "RosterDict", "RosterDict\RosterDict.csproj", "{651370A6-05B6-4387-94FC-E9D72A5D9DFE}"
EndProject
Project("{FAE04EC0-301F-11D3-BF4B-00C04F79EFBC}") = "CountingCharacters", "CountingCharacters\CountingCharacters.csproj", "{38877B7E-4969-4684-B016-7CBEFC01AA3D}"
EndProject
Global
	GlobalSection(SolutionConfigurationPlatforms) = preSolution
		Debug|Any CPU = Debug|Any CPU
		Release|Any CPU = Release|Any CPU
	EndGlobalSection
	GlobalSection(ProjectConfigurationPlatforms) = postSolution
		{B3E76AAA-3BE8-49C7-A831-64EF68C6F28D}.Debug|Any CPU.ActiveCfg = Debug|Any CPU
		{B3E76AAA-3BE8-49C7-A831-64EF68C6F28D}.Debug|Any CPU.Build.0 = Debug|Any CPU
		{B3E76AAA-3BE8-49C7-A831-64EF68C6F28D}.Release|Any CPU.ActiveCfg = Release|Any CPU
		{B3E76AAA-3BE8-49C7-A831-64EF68C6F28D}.Release|Any CPU.Build.0 = Release|Any CPU
		{C7008ACC-EE4B-49CC-B7FB-5F9F95E257A9}.Debug|Any CPU.ActiveCfg = Debug|Any CPU
		{C7008ACC-EE4B-49CC-B7FB-5F9F95E257A9}.Debug|Any CPU.Build.0 = Debug|Any CPU
		{C7008ACC-EE4B-49CC-B7FB-5F9F95E257A9}.Release|Any CPU.ActiveCfg = Release|Any CPU
		{C7008ACC-EE4B-49CC-B7FB-5F9F95E257A9}.Release|Any CPU.Build.0 = Release|Any CPU
		{6D18F93D-E26F-4FF4-ABF2-1450FD9FB19D}.Debug|Any CPU.ActiveCfg = Debug|Any CPU
		{6D18F93D-E26F-4FF4-ABF2-1450FD9FB19D}.Debug|Any CPU.Build.0 = Debug|Any CPU
		{6D18F93D-E26F-4FF4-ABF2-1450FD9FB19D}.Release|Any CPU.ActiveCfg = Release|Any CPU
		{6D18F93D-E26F-4FF4-ABF2-1450FD9FB19D}.Release|Any CPU.Build.0 = Release|Any CPU
		{9B69E0D2-FBD5-4FB4-9D40-768AE4F57300}.Debug|Any CPU.ActiveCfg = Debug|Any CPU
		{9B69E0D2-FBD5-4FB4-9D40-768AE4F57300}.Debug|Any CPU.Build.0 = Debug|Any CPU
		{9B69E0D2-FBD5-4FB4-9D40-768AE4F57300}.Release|Any CPU.ActiveCfg = Release|Any CPU
		{9B69E0D2-FBD5-4FB4-9D40-768AE4F57300}.Release|Any CPU.Build.0 = Release|Any CPU
		{9E08496B-2501-4CBF-844F-8FD7BA97F4E6}.Debug|Any CPU.ActiveCfg = Debug|Any CPU
		{9E08496B-2501-4CBF-844F-8FD7BA97F4E6}.Debug|Any CPU.Build.0 = Debug|Any CPU
		{9E08496B-2501-4CBF-844F-8FD7BA97F4E6}.Release|Any CPU.ActiveCfg = Release|Any CPU
		{9E08496B-2501-4CBF-844F-8FD7BA97F4E6}.Release|Any CPU.Build.0 = Release|Any CPU
		{EFCB1B91-2E92-478F-BFF7-013FF6911DCC}.Debug|Any CPU.ActiveCfg = Debug|Any CPU
		{EFCB1B91-2E92-478F-BFF7-013FF6911DCC}.Debug|Any CPU.Build.0 = Debug|Any CPU
		{EFCB1B91-2E92-478F-BFF7-013FF6911DCC}.Release|Any CPU.ActiveCfg = Release|Any CPU
		{EFCB1B91-2E92-478F-BFF7-013FF6911DCC}.Release|Any CPU.Build.0 = Release|Any CPU
		{89051A0E-8D18-48C3-B4E6-D05F62D252CE}.Debug|Any CPU.ActiveCfg = Debug|Any CPU
		{89051A0E-8D18-48C3-B4E6-D05F62D252CE}.Debug|Any CPU.Build.0 = Debug|Any CPU
		{89051A0E-8D18-48C3-B4E6-D05F62D252CE}.Release|Any CPU.ActiveCfg = Release|Any CPU
		{89051A0E-8D18-48C3-B4E6-D05F62D252CE}.Release|Any CPU.Build.0 = Release|Any CPU
		{63363FEA-D0FA-4741-B8EB-9A2C866E911B}.Debug|Any CPU.ActiveCfg = Debug|Any CPU
		{63363FEA-D0FA-4741-B8EB-9A2C866E911B}.Debug|Any CPU.Build.0 = Debug|Any CPU
		{63363FEA-D0FA-4741-B8EB-9A2C866E911B}.Release|Any CPU.ActiveCfg = Release|Any CPU
		{63363FEA-D0FA-4741-B8EB-9A2C866E911B}.Release|Any CPU.Build.0 = Release|Any CPU
		{62280805-46E5-4ED8-925E-680881A69C88}.Debug|Any CPU.ActiveCfg = Debug|Any CPU
		{62280805-46E5-4ED8-925E-680881A69C88}.Debug|Any CPU.Build.0 = Debug|Any CPU
		{62280805-46E5-4ED8-925E-680881A69C88}.Release|Any CPU.ActiveCfg = Release|Any CPU
		{62280805-46E5-4ED8-925E-680881A69C88}.Release|Any CPU.Build.0 = Release|Any CPU
		{6F464A89-C8FF-4217-9479-7FFB3FF33738}.Debug|Any CPU.ActiveCfg = Debug|Any CPU
		{6F464A89-C8FF-4217-9479-7FFB3FF33738}.Debug|Any CPU.Build.0 = Debug|Any CPU
		{6F464A89-C8FF-4217-9479-7FFB3FF33738}.Release|Any CPU.ActiveCfg = Release|Any CPU
		{6F464A89-C8FF-4217-9479-7FFB3FF33738}.Release|Any CPU.Build.0 = Release|Any CPU
		{81D64070-6561-4F41-B417-6E453F8581B3}.Debug|Any CPU.ActiveCfg = Debug|Any CPU
		{81D64070-6561-4F41-B417-6E453F8581B3}.Debug|Any CPU.Build.0 = Debug|Any CPU
		{81D64070-6561-4F41-B417-6E453F8581B3}.Release|Any CPU.ActiveCfg = Release|Any CPU
		{81D64070-6561-4F41-B417-6E453F8581B3}.Release|Any CPU.Build.0 = Release|Any CPU
		{DF8E083E-66D1-448C-B197-3923F61886BA}.Debug|Any CPU.ActiveCfg = Debug|Any CPU
		{DF8E083E-66D1-448C-B197-3923F61886BA}.Debug|Any CPU.Build.0 = Debug|Any CPU
		{DF8E083E-66D1-448C-B197-3923F61886BA}.Release|Any CPU.ActiveCfg = Release|Any CPU
		{DF8E083E-66D1-448C-B197-3923F61886BA}.Release|Any CPU.Build.0 = Release|Any CPU
		{C81C77E9-9F1D-4046-A5F8-6F750300B8F3}.Debug|Any CPU.ActiveCfg = Debug|Any CPU
		{C81C77E9-9F1D-4046-A5F8-6F750300B8F3}.Debug|Any CPU.Build.0 = Debug|Any CPU
		{C81C77E9-9F1D-4046-A5F8-6F750300B8F3}.Release|Any CPU.ActiveCfg = Release|Any CPU
		{C81C77E9-9F1D-4046-A5F8-6F750300B8F3}.Release|Any CPU.Build.0 = Release|Any CPU
		{4A611F04-7FEB-4BD1-93E3-2962F0971765}.Debug|Any CPU.ActiveCfg = Debug|Any CPU
		{4A611F04-7FEB-4BD1-93E3-2962F0971765}.Debug|Any CPU.Build.0 = Debug|Any CPU
		{4A611F04-7FEB-4BD1-93E3-2962F0971765}.Release|Any CPU.ActiveCfg = Release|Any CPU
		{4A611F04-7FEB-4BD1-93E3-2962F0971765}.Release|Any CPU.Build.0 = Release|Any CPU
		{A9E9A15C-AB5A-40D2-BB5B-01FA29ABE6DA}.Debug|Any CPU.ActiveCfg = Debug|Any CPU
		{A9E9A15C-AB5A-40D2-BB5B-01FA29ABE6DA}.Debug|Any CPU.Build.0 = Debug|Any CPU
		{A9E9A15C-AB5A-40D2-BB5B-01FA29ABE6DA}.Release|Any CPU.ActiveCfg = Release|Any CPU
		{A9E9A15C-AB5A-40D2-BB5B-01FA29ABE6DA}.Release|Any CPU.Build.0 = Release|Any CPU
		{68B37941-30FF-4EF3-8075-682279936ACC}.Debug|Any CPU.ActiveCfg = Debug|Any CPU
		{68B37941-30FF-4EF3-8075-682279936ACC}.Debug|Any CPU.Build.0 = Debug|Any CPU
		{68B37941-30FF-4EF3-8075-682279936ACC}.Release|Any CPU.ActiveCfg = Release|Any CPU
		{68B37941-30FF-4EF3-8075-682279936ACC}.Release|Any CPU.Build.0 = Release|Any CPU
		{651370A6-05B6-4387-94FC-E9D72A5D9DFE}.Debug|Any CPU.ActiveCfg = Debug|Any CPU
		{651370A6-05B6-4387-94FC-E9D72A5D9DFE}.Debug|Any CPU.Build.0 = Debug|Any CPU
		{651370A6-05B6-4387-94FC-E9D72A5D9DFE}.Release|Any CPU.ActiveCfg = Release|Any CPU
		{651370A6-05B6-4387-94FC-E9D72A5D9DFE}.Release|Any CPU.Build.0 = Release|Any CPU
		{38877B7E-4969-4684-B016-7CBEFC01AA3D}.Debug|Any CPU.ActiveCfg = Debug|Any CPU
		{38877B7E-4969-4684-B016-7CBEFC01AA3D}.Debug|Any CPU.Build.0 = Debug|Any CPU
		{38877B7E-4969-4684-B016-7CBEFC01AA3D}.Release|Any CPU.ActiveCfg = Release|Any CPU
		{38877B7E-4969-4684-B016-7CBEFC01AA3D}.Release|Any CPU.Build.0 = Release|Any CPU
	EndGlobalSection
	GlobalSection(SolutionProperties) = preSolution
		HideSolutionNode = FALSE
	EndGlobalSection
	GlobalSection(ExtensibilityGlobals) = postSolution
		SolutionGuid = {5FCAE81D-5F99-4E40-8D3B-937F54DB3E65}
	EndGlobalSection
EndGlobal
